{
  "name": "client",
  "version": "0.0.1",
  "lockfileVersion": 2,
  "requires": true,
  "packages": {
    "": {
      "name": "client",
      "version": "0.0.1",
      "dependencies": {
        "pkg-js": "file:../pkg-js",
        "pkg-ts": "file:../pkg-ts"
      },
      "devDependencies": {
        "esbuild": "^0.15.13",
        "typescript": "^4.8.4"
      }
    },
    "../pkg-js": {
      "version": "0.0.1",
      "devDependencies": {
        "rollup": "^3.2.5"
      }
    },
    "../pkg-ts": {
      "version": "0.0.1",
      "devDependencies": {
        "@rollup/plugin-typescript": "^9.0.2",
        "rollup": "^3.2.5",
        "tslib": "^2.4.1",
        "typescript": "^4.8.4"
      }
    },
    "node_modules/esbuild": {
      "version": "0.15.13",
      "dev": true,
      "hasInstallScript": true,
      "license": "MIT",
      "bin": {
        "esbuild": "bin/esbuild"
      },
      "engines": {
        "node": ">=12"
      },
      "optionalDependencies": {
        "@esbuild/android-arm": "0.15.13",
        "@esbuild/linux-loong64": "0.15.13",
        "esbuild-android-64": "0.15.13",
        "esbuild-android-arm64": "0.15.13",
        "esbuild-darwin-64": "0.15.13",
        "esbuild-darwin-arm64": "0.15.13",
        "esbuild-freebsd-64": "0.15.13",
        "esbuild-freebsd-arm64": "0.15.13",
        "esbuild-linux-32": "0.15.13",
        "esbuild-linux-64": "0.15.13",
        "esbuild-linux-arm": "0.15.13",
        "esbuild-linux-arm64": "0.15.13",
        "esbuild-linux-mips64le": "0.15.13",
        "esbuild-linux-ppc64le": "0.15.13",
        "esbuild-linux-riscv64": "0.15.13",
        "esbuild-linux-s390x": "0.15.13",
        "esbuild-netbsd-64": "0.15.13",
        "esbuild-openbsd-64": "0.15.13",
        "esbuild-sunos-64": "0.15.13",
        "esbuild-windows-32": "0.15.13",
        "esbuild-windows-64": "0.15.13",
        "esbuild-windows-arm64": "0.15.13"
      }
    },
    "node_modules/esbuild-darwin-64": {
      "version": "0.15.13",
      "cpu": [
        "x64"
      ],
      "dev": true,
      "license": "MIT",
      "optional": true,
      "os": [
        "darwin"
      ],
      "engines": {
        "node": ">=12"
      }
    },
    "node_modules/pkg-js": {
      "resolved": "../pkg-js",
      "link": true
    },
    "node_modules/pkg-ts": {
      "resolved": "../pkg-ts",
      "link": true
    },
    "node_modules/typescript": {
      "version": "4.8.4",
      "dev": true,
      "license": "Apache-2.0",
      "bin": {
        "tsc": "bin/tsc",
        "tsserver": "bin/tsserver"
      },
      "engines": {
        "node": ">=4.2.0"
      }
    }
  },
  "dependencies": {
    "esbuild": {
      "version": "0.15.13",
      "dev": true,
      "requires": {
        "@esbuild/android-arm": "0.15.13",
        "@esbuild/linux-loong64": "0.15.13",
        "esbuild-android-64": "0.15.13",
        "esbuild-android-arm64": "0.15.13",
        "esbuild-darwin-64": "0.15.13",
        "esbuild-darwin-arm64": "0.15.13",
        "esbuild-freebsd-64": "0.15.13",
        "esbuild-freebsd-arm64": "0.15.13",
        "esbuild-linux-32": "0.15.13",
        "esbuild-linux-64": "0.15.13",
        "esbuild-linux-arm": "0.15.13",
        "esbuild-linux-arm64": "0.15.13",
        "esbuild-linux-mips64le": "0.15.13",
        "esbuild-linux-ppc64le": "0.15.13",
        "esbuild-linux-riscv64": "0.15.13",
        "esbuild-linux-s390x": "0.15.13",
        "esbuild-netbsd-64": "0.15.13",
        "esbuild-openbsd-64": "0.15.13",
        "esbuild-sunos-64": "0.15.13",
        "esbuild-windows-32": "0.15.13",
        "esbuild-windows-64": "0.15.13",
        "esbuild-windows-arm64": "0.15.13"
      }
    },
    "esbuild-darwin-64": {
      "version": "0.15.13",
      "dev": true,
      "optional": true
    },
    "pkg-js": {
      "version": "file:../pkg-js",
      "requires": {
        "rollup": "^3.2.5"
      }
    },
    "pkg-ts": {
      "version": "file:../pkg-ts",
      "requires": {
        "@rollup/plugin-typescript": "^9.0.2",
        "rollup": "^3.2.5",
        "tslib": "^2.4.1",
        "typescript": "^4.8.4"
      }
    },
    "typescript": {
      "version": "4.8.4",
      "dev": true
    }
  }
}
