{
  "name": "client",
  "version": "1.0.0",
  "lockfileVersion": 2,
  "requires": true,
  "packages": {
    "": {
      "name": "client",
      "version": "1.0.0",
      "license": "ISC",
      "dependencies": {
        "mypackage": "file:../mypackage"
      }
    },
    "../mypackage": {
      "version": "0.0.1",
      "devDependencies": {
        "rollup": "^3.2.5"
      }
    },
    "node_modules/mypackage": {
      "resolved": "../mypackage",
      "link": true
    }
  },
  "dependencies": {
    "mypackage": {
      "version": "file:../mypackage",
      "requires": {
        "rollup": "^3.2.5"
      }
    }
  }
}
